
Microsoft Visual Studio Solution File, Format Version 12.00
# Visual Studio Version 17
VisualStudioVersion = 17.14.36429.23
MinimumVisualStudioVersion = 10.0.40219.1
Project("{FAE04EC0-301F-11D3-BF4B-00C04F79EFBC}") = "RPGManager", "RPGManager\RPGManager.csproj", "{760E2C80-FFE9-4721-A4A0-2D2B270B9E4A}"
EndProject
Project("{FAE04EC0-301F-11D3-BF4B-00C04F79EFBC}") = "RPGManagerLib", "RPGManagerLib\RPGManagerLib.csproj", "{077C2FA9-F75F-4549-87D8-99D0EF89AEAE}"
EndProject
Global
	GlobalSection(SolutionConfigurationPlatforms) = preSolution
		Debug|Any CPU = Debug|Any CPU
		Release|Any CPU = Release|Any CPU
	EndGlobalSection
	GlobalSection(ProjectConfigurationPlatforms) = postSolution
		{760E2C80-FFE9-4721-A4A0-2D2B270B9E4A}.Debug|Any CPU.ActiveCfg = Debug|Any CPU
		{760E2C80-FFE9-4721-A4A0-2D2B270B9E4A}.Debug|Any CPU.Build.0 = Debug|Any CPU
		{760E2C80-FFE9-4721-A4A0-2D2B270B9E4A}.Release|Any CPU.ActiveCfg = Release|Any CPU
		{760E2C80-FFE9-4721-A4A0-2D2B270B9E4A}.Release|Any CPU.Build.0 = Release|Any CPU
		{077C2FA9-F75F-4549-87D8-99D0EF89AEAE}.Debug|Any CPU.ActiveCfg = Debug|Any CPU
		{077C2FA9-F75F-4549-87D8-99D0EF89AEAE}.Debug|Any CPU.Build.0 = Debug|Any CPU
		{077C2FA9-F75F-4549-87D8-99D0EF89AEAE}.Release|Any CPU.ActiveCfg = Release|Any CPU
		{077C2FA9-F75F-4549-87D8-99D0EF89AEAE}.Release|Any CPU.Build.0 = Release|Any CPU
	EndGlobalSection
	GlobalSection(SolutionProperties) = preSolution
		HideSolutionNode = FALSE
	EndGlobalSection
	GlobalSection(ExtensibilityGlobals) = postSolution
		SolutionGuid = {ACC3C03C-D7B6-4308-8342-C01EE01AC0DB}
	EndGlobalSection
EndGlobal
